
Microsoft Visual Studio Solution File, Format Version 12.00
# Visual Studio Version 17
VisualStudioVersion = 17.4.33213.308
MinimumVisualStudioVersion = 10.0.40219.1
Project("{FAE04EC0-301F-11D3-BF4B-00C04F79EFBC}") = "MVVMPractice", "MVVMPractice\MVVMPractice.csproj", "{908EA9D4-25DF-40FD-9E0F-ABDB5BD2ECC5}"
EndProject
Global
	GlobalSection(SolutionConfigurationPlatforms) = preSolution
		Debug|Any CPU = Debug|Any CPU
		Release|Any CPU = Release|Any CPU
	EndGlobalSection
	GlobalSection(ProjectConfigurationPlatforms) = postSolution
		{908EA9D4-25DF-40FD-9E0F-ABDB5BD2ECC5}.Debug|Any CPU.ActiveCfg = Debug|Any CPU
		{908EA9D4-25DF-40FD-9E0F-ABDB5BD2ECC5}.Debug|Any CPU.Build.0 = Debug|Any CPU
		{908EA9D4-25DF-40FD-9E0F-ABDB5BD2ECC5}.Release|Any CPU.ActiveCfg = Release|Any CPU
		{908EA9D4-25DF-40FD-9E0F-ABDB5BD2ECC5}.Release|Any CPU.Build.0 = Release|Any CPU
	EndGlobalSection
	GlobalSection(SolutionProperties) = preSolution
		HideSolutionNode = FALSE
	EndGlobalSection
	GlobalSection(ExtensibilityGlobals) = postSolution
		SolutionGuid = {9280D3BC-5F75-4C97-AF7D-8221340E3B97}
	EndGlobalSection
EndGlobal
